
Microsoft Visual Studio Solution File, Format Version 12.00
# Visual Studio Version 17
VisualStudioVersion = 17.4.33205.214
MinimumVisualStudioVersion = 10.0.40219.1
Project("{FAE04EC0-301F-11D3-BF4B-00C04F79EFBC}") = "ConsoleApp1", "ConsoleApp1\ConsoleApp1.csproj", "{58877E6F-87A8-4880-B874-831105717EEE}"
EndProject
Project("{FAE04EC0-301F-11D3-BF4B-00C04F79EFBC}") = "BubbleSort", "BubbleSort\BubbleSort.csproj", "{CD6B029B-6592-4F3A-94E1-7ABA1D077173}"
EndProject
Project("{FAE04EC0-301F-11D3-BF4B-00C04F79EFBC}") = "DelegateChain", "DelegateChain\DelegateChain.csproj", "{D1E89256-E23E-45A5-A6CD-542E337F9993}"
EndProject
Global
	GlobalSection(SolutionConfigurationPlatforms) = preSolution
		Debug|Any CPU = Debug|Any CPU
		Release|Any CPU = Release|Any CPU
	EndGlobalSection
	GlobalSection(ProjectConfigurationPlatforms) = postSolution
		{58877E6F-87A8-4880-B874-831105717EEE}.Debug|Any CPU.ActiveCfg = Debug|Any CPU
		{58877E6F-87A8-4880-B874-831105717EEE}.Debug|Any CPU.Build.0 = Debug|Any CPU
		{58877E6F-87A8-4880-B874-831105717EEE}.Release|Any CPU.ActiveCfg = Release|Any CPU
		{58877E6F-87A8-4880-B874-831105717EEE}.Release|Any CPU.Build.0 = Release|Any CPU
		{CD6B029B-6592-4F3A-94E1-7ABA1D077173}.Debug|Any CPU.ActiveCfg = Debug|Any CPU
		{CD6B029B-6592-4F3A-94E1-7ABA1D077173}.Debug|Any CPU.Build.0 = Debug|Any CPU
		{CD6B029B-6592-4F3A-94E1-7ABA1D077173}.Release|Any CPU.ActiveCfg = Release|Any CPU
		{CD6B029B-6592-4F3A-94E1-7ABA1D077173}.Release|Any CPU.Build.0 = Release|Any CPU
		{D1E89256-E23E-45A5-A6CD-542E337F9993}.Debug|Any CPU.ActiveCfg = Debug|Any CPU
		{D1E89256-E23E-45A5-A6CD-542E337F9993}.Debug|Any CPU.Build.0 = Debug|Any CPU
		{D1E89256-E23E-45A5-A6CD-542E337F9993}.Release|Any CPU.ActiveCfg = Release|Any CPU
		{D1E89256-E23E-45A5-A6CD-542E337F9993}.Release|Any CPU.Build.0 = Release|Any CPU
	EndGlobalSection
	GlobalSection(SolutionProperties) = preSolution
		HideSolutionNode = FALSE
	EndGlobalSection
	GlobalSection(ExtensibilityGlobals) = postSolution
		SolutionGuid = {6FE352BB-55E0-4C3E-9EA7-86120D5FAF3C}
	EndGlobalSection
EndGlobal
